
Microsoft Visual Studio Solution File, Format Version 12.00
# Visual Studio Version 17
VisualStudioVersion = 17.0.31606.5
MinimumVisualStudioVersion = 10.0.40219.1
Project("{FAE04EC0-301F-11D3-BF4B-00C04F79EFBC}") = "AnonymousClasses", "AnonymousClasses\AnonymousClasses.csproj", "{DBA572A2-D0CD-43E7-97A5-CE7B4EA0289A}"
EndProject
Global
	GlobalSection(SolutionConfigurationPlatforms) = preSolution
		Debug|Any CPU = Debug|Any CPU
		Release|Any CPU = Release|Any CPU
	EndGlobalSection
	GlobalSection(ProjectConfigurationPlatforms) = postSolution
		{DBA572A2-D0CD-43E7-97A5-CE7B4EA0289A}.Debug|Any CPU.ActiveCfg = Debug|Any CPU
		{DBA572A2-D0CD-43E7-97A5-CE7B4EA0289A}.Debug|Any CPU.Build.0 = Debug|Any CPU
		{DBA572A2-D0CD-43E7-97A5-CE7B4EA0289A}.Release|Any CPU.ActiveCfg = Release|Any CPU
		{DBA572A2-D0CD-43E7-97A5-CE7B4EA0289A}.Release|Any CPU.Build.0 = Release|Any CPU
	EndGlobalSection
	GlobalSection(SolutionProperties) = preSolution
		HideSolutionNode = FALSE
	EndGlobalSection
	GlobalSection(ExtensibilityGlobals) = postSolution
		SolutionGuid = {FD4C06E1-947A-40D4-B4B6-AB89E90E3B58}
	EndGlobalSection
EndGlobal
